// !$*UTF8*$!
{
	archiveVersion = 1;
	classes = {
	};
	objectVersion = 56;
	objects = {

/* Begin PBXBuildFile section */
		9B1172362C2F30B7000FE11A /* LocationsViewModel.swift in Sources */ = {isa = PBXBuildFile; fileRef = 9B1172352C2F30B7000FE11A /* LocationsViewModel.swift */; };
		9B1172382C2F39A7000FE11A /* LocationListView.swift in Sources */ = {isa = PBXBuildFile; fileRef = 9B1172372C2F39A7000FE11A /* LocationListView.swift */; };
		9B11723A2C2FE8CD000FE11A /* LocationPreviewView.swift in Sources */ = {isa = PBXBuildFile; fileRef = 9B1172392C2FE8CD000FE11A /* LocationPreviewView.swift */; };
		9B11723C2C2FFF91000FE11A /* LocationMapAnnotationView.swift in Sources */ = {isa = PBXBuildFile; fileRef = 9B11723B2C2FFF91000FE11A /* LocationMapAnnotationView.swift */; };
		9B11723E2C300319000FE11A /* LocationDetailView.swift in Sources */ = {isa = PBXBuildFile; fileRef = 9B11723D2C300319000FE11A /* LocationDetailView.swift */; };
		9BCF06952C2F2B5400AF58CF /* MapAppApp.swift in Sources */ = {isa = PBXBuildFile; fileRef = 9BCF06942C2F2B5400AF58CF /* MapAppApp.swift */; };
		9BCF069C2C2F2B5500AF58CF /* Preview Assets.xcassets in Resources */ = {isa = PBXBuildFile; fileRef = 9BCF069B2C2F2B5500AF58CF /* Preview Assets.xcassets */; };
		9BCF06A32C2F2B7100AF58CF /* Assets.xcassets in Resources */ = {isa = PBXBuildFile; fileRef = 9BCF06A22C2F2B7000AF58CF /* Assets.xcassets */; };
		9BCF06A82C2F2BA000AF58CF /* Location.swift in Sources */ = {isa = PBXBuildFile; fileRef = 9BCF06A72C2F2BA000AF58CF /* Location.swift */; };
		9BCF06AB2C2F2C6600AF58CF /* LocationsDataService.swift in Sources */ = {isa = PBXBuildFile; fileRef = 9BCF06AA2C2F2C6600AF58CF /* LocationsDataService.swift */; };
		9BCF06AD2C2F2D7600AF58CF /* LocationsView.swift in Sources */ = {isa = PBXBuildFile; fileRef = 9BCF06AC2C2F2D7600AF58CF /* LocationsView.swift */; };
/* End PBXBuildFile section */

/* Begin PBXFileReference section */
		9B1172352C2F30B7000FE11A /* LocationsViewModel.swift */ = {isa = PBXFileReference; lastKnownFileType = sourcecode.swift; path = LocationsViewModel.swift; sourceTree = "<group>"; };
		9B1172372C2F39A7000FE11A /* LocationListView.swift */ = {isa = PBXFileReference; lastKnownFileType = sourcecode.swift; path = LocationListView.swift; sourceTree = "<group>"; };
		9B1172392C2FE8CD000FE11A /* LocationPreviewView.swift */ = {isa = PBXFileReference; lastKnownFileType = sourcecode.swift; path = LocationPreviewView.swift; sourceTree = "<group>"; };
		9B11723B2C2FFF91000FE11A /* LocationMapAnnotationView.swift */ = {isa = PBXFileReference; lastKnownFileType = sourcecode.swift; path = LocationMapAnnotationView.swift; sourceTree = "<group>"; };
		9B11723D2C300319000FE11A /* LocationDetailView.swift */ = {isa = PBXFileReference; lastKnownFileType = sourcecode.swift; path = LocationDetailView.swift; sourceTree = "<group>"; };
		9B94DCFC2C300F12003A2F89 /* Info.plist */ = {isa = PBXFileReference; lastKnownFileType = text.plist; path = Info.plist; sourceTree = "<group>"; };
		9BCF06912C2F2B5400AF58CF /* MapApp.app */ = {isa = PBXFileReference; explicitFileType = wrapper.application; includeInIndex = 0; path = MapApp.app; sourceTree = BUILT_PRODUCTS_DIR; };
		9BCF06942C2F2B5400AF58CF /* MapAppApp.swift */ = {isa = PBXFileReference; lastKnownFileType = sourcecode.swift; path = MapAppApp.swift; sourceTree = "<group>"; };
		9BCF069B2C2F2B5500AF58CF /* Preview Assets.xcassets */ = {isa = PBXFileReference; lastKnownFileType = folder.assetcatalog; path = "Preview Assets.xcassets"; sourceTree = "<group>"; };
		9BCF06A22C2F2B7000AF58CF /* Assets.xcassets */ = {isa = PBXFileReference; lastKnownFileType = folder.assetcatalog; path = Assets.xcassets; sourceTree = "<group>"; };
		9BCF06A72C2F2BA000AF58CF /* Location.swift */ = {isa = PBXFileReference; lastKnownFileType = sourcecode.swift; path = Location.swift; sourceTree = "<group>"; };
		9BCF06AA2C2F2C6600AF58CF /* LocationsDataService.swift */ = {isa = PBXFileReference; fileEncoding = 4; lastKnownFileType = sourcecode.swift; path = LocationsDataService.swift; sourceTree = "<group>"; };
		9BCF06AC2C2F2D7600AF58CF /* LocationsView.swift */ = {isa = PBXFileReference; lastKnownFileType = sourcecode.swift; path = LocationsView.swift; sourceTree = "<group>"; };
/* End PBXFileReference section */

/* Begin PBXFrameworksBuildPhase section */
		9BCF068E2C2F2B5400AF58CF /* Frameworks */ = {
			isa = PBXFrameworksBuildPhase;
			buildActionMask = 2147483647;
			files = (
			);
			runOnlyForDeploymentPostprocessing = 0;
		};
/* End PBXFrameworksBuildPhase section */

/* Begin PBXGroup section */
		9BCF06882C2F2B5400AF58CF = {
			isa = PBXGroup;
			children = (
				9BCF06932C2F2B5400AF58CF /* MapApp */,
				9BCF06922C2F2B5400AF58CF /* Products */,
			);
			sourceTree = "<group>";
		};
		9BCF06922C2F2B5400AF58CF /* Products */ = {
			isa = PBXGroup;
			children = (
				9BCF06912C2F2B5400AF58CF /* MapApp.app */,
			);
			name = Products;
			sourceTree = "<group>";
		};
		9BCF06932C2F2B5400AF58CF /* MapApp */ = {
			isa = PBXGroup;
			children = (
				9B94DCFC2C300F12003A2F89 /* Info.plist */,
				9BCF06A92C2F2C5100AF58CF /* DataServices */,
				9BCF06A62C2F2B9100AF58CF /* Model */,
				9BCF06A52C2F2B8800AF58CF /* ViewModel */,
				9BCF06A42C2F2B8400AF58CF /* View */,
				9BCF06942C2F2B5400AF58CF /* MapAppApp.swift */,
				9BCF06A22C2F2B7000AF58CF /* Assets.xcassets */,
				9BCF069A2C2F2B5500AF58CF /* Preview Content */,
			);
			path = MapApp;
			sourceTree = "<group>";
		};
		9BCF069A2C2F2B5500AF58CF /* Preview Content */ = {
			isa = PBXGroup;
			children = (
				9BCF069B2C2F2B5500AF58CF /* Preview Assets.xcassets */,
			);
			path = "Preview Content";
			sourceTree = "<group>";
		};
		9BCF06A42C2F2B8400AF58CF /* View */ = {
			isa = PBXGroup;
			children = (
				9BCF06AC2C2F2D7600AF58CF /* LocationsView.swift */,
				9B11723B2C2FFF91000FE11A /* LocationMapAnnotationView.swift */,
				9B1172372C2F39A7000FE11A /* LocationListView.swift */,
				9B1172392C2FE8CD000FE11A /* LocationPreviewView.swift */,
				9B11723D2C300319000FE11A /* LocationDetailView.swift */,
			);
			path = View;
			sourceTree = "<group>";
		};
		9BCF06A52C2F2B8800AF58CF /* ViewModel */ = {
			isa = PBXGroup;
			children = (
				9B1172352C2F30B7000FE11A /* LocationsViewModel.swift */,
			);
			path = ViewModel;
			sourceTree = "<group>";
		};
		9BCF06A62C2F2B9100AF58CF /* Model */ = {
			isa = PBXGroup;
			children = (
				9BCF06A72C2F2BA000AF58CF /* Location.swift */,
			);
			path = Model;
			sourceTree = "<group>";
		};
		9BCF06A92C2F2C5100AF58CF /* DataServices */ = {
			isa = PBXGroup;
			children = (
				9BCF06AA2C2F2C6600AF58CF /* LocationsDataService.swift */,
			);
			path = DataServices;
			sourceTree = "<group>";
		};
/* End PBXGroup section */

/* Begin PBXNativeTarget section */
		9BCF06902C2F2B5400AF58CF /* MapApp */ = {
			isa = PBXNativeTarget;
			buildConfigurationList = 9BCF069F2C2F2B5500AF58CF /* Build configuration list for PBXNativeTarget "MapApp" */;
			buildPhases = (
				9BCF068D2C2F2B5400AF58CF /* Sources */,
				9BCF068E2C2F2B5400AF58CF /* Frameworks */,
				9BCF068F2C2F2B5400AF58CF /* Resources */,
			);
			buildRules = (
			);
			dependencies = (
			);
			name = MapApp;
			productName = MapApp;
			productReference = 9BCF06912C2F2B5400AF58CF /* MapApp.app */;
			productType = "com.apple.product-type.application";
		};
/* End PBXNativeTarget section */

/* Begin PBXProject section */
		9BCF06892C2F2B5400AF58CF /* Project object */ = {
			isa = PBXProject;
			attributes = {
				BuildIndependentTargetsInParallel = 1;
				LastSwiftUpdateCheck = 1540;
				LastUpgradeCheck = 1540;
				TargetAttributes = {
					9BCF06902C2F2B5400AF58CF = {
						CreatedOnToolsVersion = 15.4;
					};
				};
			};
			buildConfigurationList = 9BCF068C2C2F2B5400AF58CF /* Build configuration list for PBXProject "MapApp" */;
			compatibilityVersion = "Xcode 14.0";
			developmentRegion = en;
			hasScannedForEncodings = 0;
			knownRegions = (
				en,
				Base,
			);
			mainGroup = 9BCF06882C2F2B5400AF58CF;
			productRefGroup = 9BCF06922C2F2B5400AF58CF /* Products */;
			projectDirPath = "";
			projectRoot = "";
			targets = (
				9BCF06902C2F2B5400AF58CF /* MapApp */,
			);
		};
/* End PBXProject section */

/* Begin PBXResourcesBuildPhase section */
		9BCF068F2C2F2B5400AF58CF /* Resources */ = {
			isa = PBXResourcesBuildPhase;
			buildActionMask = 2147483647;
			files = (
				9BCF06A32C2F2B7100AF58CF /* Assets.xcassets in Resources */,
				9BCF069C2C2F2B5500AF58CF /* Preview Assets.xcassets in Resources */,
			);
			runOnlyForDeploymentPostprocessing = 0;
		};
/* End PBXResourcesBuildPhase section */

/* Begin PBXSourcesBuildPhase section */
		9BCF068D2C2F2B5400AF58CF /* Sources */ = {
			isa = PBXSourcesBuildPhase;
			buildActionMask = 2147483647;
			files = (
				9BCF06AB2C2F2C6600AF58CF /* LocationsDataService.swift in Sources */,
				9BCF06AD2C2F2D7600AF58CF /* LocationsView.swift in Sources */,
				9B11723E2C300319000FE11A /* LocationDetailView.swift in Sources */,
				9BCF06A82C2F2BA000AF58CF /* Location.swift in Sources */,
				9B1172382C2F39A7000FE11A /* LocationListView.swift in Sources */,
				9B11723A2C2FE8CD000FE11A /* LocationPreviewView.swift in Sources */,
				9BCF06952C2F2B5400AF58CF /* MapAppApp.swift in Sources */,
				9B1172362C2F30B7000FE11A /* LocationsViewModel.swift in Sources */,
				9B11723C2C2FFF91000FE11A /* LocationMapAnnotationView.swift in Sources */,
			);
			runOnlyForDeploymentPostprocessing = 0;
		};
/* End PBXSourcesBuildPhase section */

/* Begin XCBuildConfiguration section */
		9BCF069D2C2F2B5500AF58CF /* Debug */ = {
			isa = XCBuildConfiguration;
			buildSettings = {
				ALWAYS_SEARCH_USER_PATHS = NO;
				ASSETCATALOG_COMPILER_GENERATE_SWIFT_ASSET_SYMBOL_EXTENSIONS = YES;
				CLANG_ANALYZER_NONNULL = YES;
				CLANG_ANALYZER_NUMBER_OBJECT_CONVERSION = YES_AGGRESSIVE;
				CLANG_CXX_LANGUAGE_STANDARD = "gnu++20";
				CLANG_ENABLE_MODULES = YES;
				CLANG_ENABLE_OBJC_ARC = YES;
				CLANG_ENABLE_OBJC_WEAK = YES;
				CLANG_WARN_BLOCK_CAPTURE_AUTORELEASING = YES;
				CLANG_WARN_BOOL_CONVERSION = YES;
				CLANG_WARN_COMMA = YES;
				CLANG_WARN_CONSTANT_CONVERSION = YES;
				CLANG_WARN_DEPRECATED_OBJC_IMPLEMENTATIONS = YES;
				CLANG_WARN_DIRECT_OBJC_ISA_USAGE = YES_ERROR;
				CLANG_WARN_DOCUMENTATION_COMMENTS = YES;
				CLANG_WARN_EMPTY_BODY = YES;
				CLANG_WARN_ENUM_CONVERSION = YES;
				CLANG_WARN_INFINITE_RECURSION = YES;
				CLANG_WARN_INT_CONVERSION = YES;
				CLANG_WARN_NON_LITERAL_NULL_CONVERSION = YES;
				CLANG_WARN_OBJC_IMPLICIT_RETAIN_SELF = YES;
				CLANG_WARN_OBJC_LITERAL_CONVERSION = YES;
				CLANG_WARN_OBJC_ROOT_CLASS = YES_ERROR;
				CLANG_WARN_QUOTED_INCLUDE_IN_FRAMEWORK_HEADER = YES;
				CLANG_WARN_RANGE_LOOP_ANALYSIS = YES;
				CLANG_WARN_STRICT_PROTOTYPES = YES;
				CLANG_WARN_SUSPICIOUS_MOVE = YES;
				CLANG_WARN_UNGUARDED_AVAILABILITY = YES_AGGRESSIVE;
				CLANG_WARN_UNREACHABLE_CODE = YES;
				CLANG_WARN__DUPLICATE_METHOD_MATCH = YES;
				COPY_PHASE_STRIP = NO;
				DEBUG_INFORMATION_FORMAT = dwarf;
				ENABLE_STRICT_OBJC_MSGSEND = YES;
				ENABLE_TESTABILITY = YES;
				ENABLE_USER_SCRIPT_SANDBOXING = YES;
				GCC_C_LANGUAGE_STANDARD = gnu17;
				GCC_DYNAMIC_NO_PIC = NO;
				GCC_NO_COMMON_BLOCKS = YES;
				GCC_OPTIMIZATION_LEVEL = 0;
				GCC_PREPROCESSOR_DEFINITIONS = (
					"DEBUG=1",
					"$(inherited)",
				);
				GCC_WARN_64_TO_32_BIT_CONVERSION = YES;
				GCC_WARN_ABOUT_RETURN_TYPE = YES_ERROR;
				GCC_WARN_UNDECLARED_SELECTOR = YES;
				GCC_WARN_UNINITIALIZED_AUTOS = YES_AGGRESSIVE;
				GCC_WARN_UNUSED_FUNCTION = YES;
				GCC_WARN_UNUSED_VARIABLE = YES;
				IPHONEOS_DEPLOYMENT_TARGET = 17.5;
				LOCALIZATION_PREFERS_STRING_CATALOGS = YES;
				MTL_ENABLE_DEBUG_INFO = INCLUDE_SOURCE;
				MTL_FAST_MATH = YES;
				ONLY_ACTIVE_ARCH = YES;
				SDKROOT = iphoneos;
				SWIFT_ACTIVE_COMPILATION_CONDITIONS = "DEBUG $(inherited)";
				SWIFT_OPTIMIZATION_LEVEL = "-Onone";
			};
			name = Debug;
		};
		9BCF069E2C2F2B5500AF58CF /* Release */ = {
			isa = XCBuildConfiguration;
			buildSettings = {
				ALWAYS_SEARCH_USER_PATHS = NO;
				ASSETCATALOG_COMPILER_GENERATE_SWIFT_ASSET_SYMBOL_EXTENSIONS = YES;
				CLANG_ANALYZER_NONNULL = YES;
				CLANG_ANALYZER_NUMBER_OBJECT_CONVERSION = YES_AGGRESSIVE;
				CLANG_CXX_LANGUAGE_STANDARD = "gnu++20";
				CLANG_ENABLE_MODULES = YES;
				CLANG_ENABLE_OBJC_ARC = YES;
				CLANG_ENABLE_OBJC_WEAK = YES;
				CLANG_WARN_BLOCK_CAPTURE_AUTORELEASING = YES;
				CLANG_WARN_BOOL_CONVERSION = YES;
				CLANG_WARN_COMMA = YES;
				CLANG_WARN_CONSTANT_CONVERSION = YES;
				CLANG_WARN_DEPRECATED_OBJC_IMPLEMENTATIONS = YES;
				CLANG_WARN_DIRECT_OBJC_ISA_USAGE = YES_ERROR;
				CLANG_WARN_DOCUMENTATION_COMMENTS = YES;
				CLANG_WARN_EMPTY_BODY = YES;
				CLANG_WARN_ENUM_CONVERSION = YES;
				CLANG_WARN_INFINITE_RECURSION = YES;
				CLANG_WARN_INT_CONVERSION = YES;
				CLANG_WARN_NON_LITERAL_NULL_CONVERSION = YES;
				CLANG_WARN_OBJC_IMPLICIT_RETAIN_SELF = YES;
				CLANG_WARN_OBJC_LITERAL_CONVERSION = YES;
				CLANG_WARN_OBJC_ROOT_CLASS = YES_ERROR;
				CLANG_WARN_QUOTED_INCLUDE_IN_FRAMEWORK_HEADER = YES;
				CLANG_WARN_RANGE_LOOP_ANALYSIS = YES;
				CLANG_WARN_STRICT_PROTOTYPES = YES;
				CLANG_WARN_SUSPICIOUS_MOVE = YES;
				CLANG_WARN_UNGUARDED_AVAILABILITY = YES_AGGRESSIVE;
				CLANG_WARN_UNREACHABLE_CODE = YES;
				CLANG_WARN__DUPLICATE_METHOD_MATCH = YES;
				COPY_PHASE_STRIP = NO;
				DEBUG_INFORMATION_FORMAT = "dwarf-with-dsym";
				ENABLE_NS_ASSERTIONS = NO;
				ENABLE_STRICT_OBJC_MSGSEND = YES;
				ENABLE_USER_SCRIPT_SANDBOXING = YES;
				GCC_C_LANGUAGE_STANDARD = gnu17;
				GCC_NO_COMMON_BLOCKS = YES;
				GCC_WARN_64_TO_32_BIT_CONVERSION = YES;
				GCC_WARN_ABOUT_RETURN_TYPE = YES_ERROR;
				GCC_WARN_UNDECLARED_SELECTOR = YES;
				GCC_WARN_UNINITIALIZED_AUTOS = YES_AGGRESSIVE;
				GCC_WARN_UNUSED_FUNCTION = YES;
				GCC_WARN_UNUSED_VARIABLE = YES;
				IPHONEOS_DEPLOYMENT_TARGET = 17.5;
				LOCALIZATION_PREFERS_STRING_CATALOGS = YES;
				MTL_ENABLE_DEBUG_INFO = NO;
				MTL_FAST_MATH = YES;
				SDKROOT = iphoneos;
				SWIFT_COMPILATION_MODE = wholemodule;
				VALIDATE_PRODUCT = YES;
			};
			name = Release;
		};
		9BCF06A02C2F2B5500AF58CF /* Debug */ = {
			isa = XCBuildConfiguration;
			buildSettings = {
				ASSETCATALOG_COMPILER_APPICON_NAME = AppIcon;
				ASSETCATALOG_COMPILER_GLOBAL_ACCENT_COLOR_NAME = AccentColor;
				CODE_SIGN_IDENTITY = "Apple Development";
				CODE_SIGN_STYLE = Automatic;
				CURRENT_PROJECT_VERSION = 1;
				DEVELOPMENT_ASSET_PATHS = "\"MapApp/Preview Content\"";
				DEVELOPMENT_TEAM = M68A594A7Q;
				ENABLE_PREVIEWS = YES;
				GENERATE_INFOPLIST_FILE = YES;
				INFOPLIST_FILE = MapApp/Info.plist;
				INFOPLIST_KEY_UIApplicationSceneManifest_Generation = YES;
				INFOPLIST_KEY_UIApplicationSupportsIndirectInputEvents = YES;
				INFOPLIST_KEY_UISupportedInterfaceOrientations = UIInterfaceOrientationPortrait;
				INFOPLIST_KEY_UISupportedInterfaceOrientations_iPad = "UIInterfaceOrientationLandscapeLeft UIInterfaceOrientationLandscapeRight UIInterfaceOrientationPortrait UIInterfaceOrientationPortraitUpsideDown";
				LD_RUNPATH_SEARCH_PATHS = (
					"$(inherited)",
					"@executable_path/Frameworks",
				);
				MARKETING_VERSION = 1.0;
				PRODUCT_BUNDLE_IDENTIFIER = com.Restarted;
				PRODUCT_NAME = "$(TARGET_NAME)";
				PROVISIONING_PROFILE_SPECIFIER = "";
				SUPPORTED_PLATFORMS = "iphoneos iphonesimulator";
				SUPPORTS_MACCATALYST = NO;
				SUPPORTS_XR_DESIGNED_FOR_IPHONE_IPAD = YES;
				SWIFT_EMIT_LOC_STRINGS = YES;
				SWIFT_VERSION = 5.0;
				TARGETED_DEVICE_FAMILY = "1,2";
			};
			name = Debug;
		};
		9BCF06A12C2F2B5500AF58CF /* Release */ = {
			isa = XCBuildConfiguration;
			buildSettings = {
				ASSETCATALOG_COMPILER_APPICON_NAME = AppIcon;
				ASSETCATALOG_COMPILER_GLOBAL_ACCENT_COLOR_NAME = AccentColor;
				CODE_SIGN_IDENTITY = "Apple Development";
				CODE_SIGN_STYLE = Automatic;
				CURRENT_PROJECT_VERSION = 1;
				DEVELOPMENT_ASSET_PATHS = "\"MapApp/Preview Content\"";
				DEVELOPMENT_TEAM = M68A594A7Q;
				ENABLE_PREVIEWS = YES;
				GENERATE_INFOPLIST_FILE = YES;
				INFOPLIST_FILE = MapApp/Info.plist;
				INFOPLIST_KEY_UIApplicationSceneManifest_Generation = YES;
				INFOPLIST_KEY_UIApplicationSupportsIndirectInputEvents = YES;
				INFOPLIST_KEY_UISupportedInterfaceOrientations = UIInterfaceOrientationPortrait;
				INFOPLIST_KEY_UISupportedInterfaceOrientations_iPad = "UIInterfaceOrientationLandscapeLeft UIInterfaceOrientationLandscapeRight UIInterfaceOrientationPortrait UIInterfaceOrientationPortraitUpsideDown";
				LD_RUNPATH_SEARCH_PATHS = (
					"$(inherited)",
					"@executable_path/Frameworks",
				);
				MARKETING_VERSION = 1.0;
				PRODUCT_BUNDLE_IDENTIFIER = com.Restarted;
				PRODUCT_NAME = "$(TARGET_NAME)";
				PROVISIONING_PROFILE_SPECIFIER = "";
				SUPPORTED_PLATFORMS = "iphoneos iphonesimulator";
				SUPPORTS_MACCATALYST = NO;
				SUPPORTS_XR_DESIGNED_FOR_IPHONE_IPAD = YES;
				SWIFT_EMIT_LOC_STRINGS = YES;
				SWIFT_VERSION = 5.0;
				TARGETED_DEVICE_FAMILY = "1,2";
			};
			name = Release;
		};
/* End XCBuildConfiguration section */

/* Begin XCConfigurationList section */
		9BCF068C2C2F2B5400AF58CF /* Build configuration list for PBXProject "MapApp" */ = {
			isa = XCConfigurationList;
			buildConfigurations = (
				9BCF069D2C2F2B5500AF58CF /* Debug */,
				9BCF069E2C2F2B5500AF58CF /* Release */,
			);
			defaultConfigurationIsVisible = 0;
			defaultConfigurationName = Release;
		};
		9BCF069F2C2F2B5500AF58CF /* Build configuration list for PBXNativeTarget "MapApp" */ = {
			isa = XCConfigurationList;
			buildConfigurations = (
				9BCF06A02C2F2B5500AF58CF /* Debug */,
				9BCF06A12C2F2B5500AF58CF /* Release */,
			);
			defaultConfigurationIsVisible = 0;
			defaultConfigurationName = Release;
		};
/* End XCConfigurationList section */
	};
	rootObject = 9BCF06892C2F2B5400AF58CF /* Project object */;
}
