// !$*UTF8*$!
{
	archiveVersion = 1;
	classes = {
	};
	objectVersion = 56;
	objects = {

/* Begin PBXBuildFile section */
		9B63DB002A7048D900FD81CD /* RatingView.swift in Sources */ = {isa = PBXBuildFile; fileRef = 9B63DAFF2A7048D900FD81CD /* RatingView.swift */; };
		9B63DB022A704B8000FD81CD /* VideoPlayerView.swift in Sources */ = {isa = PBXBuildFile; fileRef = 9B63DB012A704B8000FD81CD /* VideoPlayerView.swift */; };
		9B7544582A7420A30014DBB0 /* ImageExtention.swift in Sources */ = {isa = PBXBuildFile; fileRef = 9B7544572A7420A30014DBB0 /* ImageExtention.swift */; };
		9B75445A2A7424C70014DBB0 /* SuccessView.swift in Sources */ = {isa = PBXBuildFile; fileRef = 9B7544592A7424C70014DBB0 /* SuccessView.swift */; };
		9B898CBD2A98C390009B1B3C /* ContainerView.swift in Sources */ = {isa = PBXBuildFile; fileRef = 9B898CBC2A98C390009B1B3C /* ContainerView.swift */; };
		9B898CBF2A98C674009B1B3C /* WelcomeImages.swift in Sources */ = {isa = PBXBuildFile; fileRef = 9B898CBE2A98C674009B1B3C /* WelcomeImages.swift */; };
		9B898CC12A98CAB0009B1B3C /* GradientBackground.swift in Sources */ = {isa = PBXBuildFile; fileRef = 9B898CC02A98CAB0009B1B3C /* GradientBackground.swift */; };
		9B8C3E352A98AC4E006EA72F /* EmbossedButton.swift in Sources */ = {isa = PBXBuildFile; fileRef = 9B8C3E342A98AC4E006EA72F /* EmbossedButton.swift */; };
		9BB68D5D2A97740B00CB0CA7 /* RaisedButton.swift in Sources */ = {isa = PBXBuildFile; fileRef = 9BB68D5C2A97740B00CB0CA7 /* RaisedButton.swift */; };
		9BE996002A659A1A00A8DCA2 /* HIITFitApp.swift in Sources */ = {isa = PBXBuildFile; fileRef = 9BE995FF2A659A1A00A8DCA2 /* HIITFitApp.swift */; };
		9BE996022A659A1A00A8DCA2 /* ContentView.swift in Sources */ = {isa = PBXBuildFile; fileRef = 9BE996012A659A1A00A8DCA2 /* ContentView.swift */; };
		9BE996042A659A1A00A8DCA2 /* Assets.xcassets in Resources */ = {isa = PBXBuildFile; fileRef = 9BE996032A659A1A00A8DCA2 /* Assets.xcassets */; };
		9BE996082A659A1A00A8DCA2 /* Preview Assets.xcassets in Resources */ = {isa = PBXBuildFile; fileRef = 9BE996072A659A1A00A8DCA2 /* Preview Assets.xcassets */; };
		9BE9960F2A659EAD00A8DCA2 /* WelcomeView.swift in Sources */ = {isa = PBXBuildFile; fileRef = 9BE9960E2A659EAD00A8DCA2 /* WelcomeView.swift */; };
		9BE996112A659EC200A8DCA2 /* ExerciseView.swift in Sources */ = {isa = PBXBuildFile; fileRef = 9BE996102A659EC200A8DCA2 /* ExerciseView.swift */; };
		9BF4A97C2A710E7B00ADAEFA /* HistoryView.swift in Sources */ = {isa = PBXBuildFile; fileRef = 9BF4A97B2A710E7B00ADAEFA /* HistoryView.swift */; };
		9BF4A97E2A7110AA00ADAEFA /* HistoryStore.swift in Sources */ = {isa = PBXBuildFile; fileRef = 9BF4A97D2A7110AA00ADAEFA /* HistoryStore.swift */; };
		9BF4A9802A71186C00ADAEFA /* DateExtention.swift in Sources */ = {isa = PBXBuildFile; fileRef = 9BF4A97F2A71186C00ADAEFA /* DateExtention.swift */; };
		9BF4A9822A711E5400ADAEFA /* HistoryStoreDevData.swift in Sources */ = {isa = PBXBuildFile; fileRef = 9BF4A9812A711E5400ADAEFA /* HistoryStoreDevData.swift */; };
		9BF9D4232A824D6400FC3A5A /* TimerView.swift in Sources */ = {isa = PBXBuildFile; fileRef = 9BF9D4222A824D6400FC3A5A /* TimerView.swift */; };
		9BFE49262A66F5500010FA42 /* HeaderView.swift in Sources */ = {isa = PBXBuildFile; fileRef = 9BFE49252A66F5500010FA42 /* HeaderView.swift */; };
		9BFE49282A66F78F0010FA42 /* Exercise.swift in Sources */ = {isa = PBXBuildFile; fileRef = 9BFE49272A66F78F0010FA42 /* Exercise.swift */; };
		9BFE492C2A67013C0010FA42 /* squat.mp4 in Resources */ = {isa = PBXBuildFile; fileRef = 9BFE492B2A67013C0010FA42 /* squat.mp4 */; };
		9BFE49302A6706320010FA42 /* step-up.mp4 in Resources */ = {isa = PBXBuildFile; fileRef = 9BFE492D2A6706320010FA42 /* step-up.mp4 */; };
		9BFE49312A6706320010FA42 /* sun-salute.mp4 in Resources */ = {isa = PBXBuildFile; fileRef = 9BFE492E2A6706320010FA42 /* sun-salute.mp4 */; };
		9BFE49322A6706320010FA42 /* burpee.mp4 in Resources */ = {isa = PBXBuildFile; fileRef = 9BFE492F2A6706320010FA42 /* burpee.mp4 */; };
/* End PBXBuildFile section */

/* Begin PBXFileReference section */
		9B63DAFF2A7048D900FD81CD /* RatingView.swift */ = {isa = PBXFileReference; lastKnownFileType = sourcecode.swift; path = RatingView.swift; sourceTree = "<group>"; };
		9B63DB012A704B8000FD81CD /* VideoPlayerView.swift */ = {isa = PBXFileReference; lastKnownFileType = sourcecode.swift; path = VideoPlayerView.swift; sourceTree = "<group>"; };
		9B7544572A7420A30014DBB0 /* ImageExtention.swift */ = {isa = PBXFileReference; lastKnownFileType = sourcecode.swift; path = ImageExtention.swift; sourceTree = "<group>"; };
		9B7544592A7424C70014DBB0 /* SuccessView.swift */ = {isa = PBXFileReference; lastKnownFileType = sourcecode.swift; path = SuccessView.swift; sourceTree = "<group>"; };
		9B898CBC2A98C390009B1B3C /* ContainerView.swift */ = {isa = PBXFileReference; lastKnownFileType = sourcecode.swift; path = ContainerView.swift; sourceTree = "<group>"; };
		9B898CBE2A98C674009B1B3C /* WelcomeImages.swift */ = {isa = PBXFileReference; lastKnownFileType = sourcecode.swift; path = WelcomeImages.swift; sourceTree = "<group>"; };
		9B898CC02A98CAB0009B1B3C /* GradientBackground.swift */ = {isa = PBXFileReference; lastKnownFileType = sourcecode.swift; path = GradientBackground.swift; sourceTree = "<group>"; };
		9B8C3E342A98AC4E006EA72F /* EmbossedButton.swift */ = {isa = PBXFileReference; lastKnownFileType = sourcecode.swift; path = EmbossedButton.swift; sourceTree = "<group>"; };
		9BB68D5C2A97740B00CB0CA7 /* RaisedButton.swift */ = {isa = PBXFileReference; lastKnownFileType = sourcecode.swift; path = RaisedButton.swift; sourceTree = "<group>"; };
		9BE995FC2A659A1A00A8DCA2 /* HIITFit.app */ = {isa = PBXFileReference; explicitFileType = wrapper.application; includeInIndex = 0; path = HIITFit.app; sourceTree = BUILT_PRODUCTS_DIR; };
		9BE995FF2A659A1A00A8DCA2 /* HIITFitApp.swift */ = {isa = PBXFileReference; lastKnownFileType = sourcecode.swift; path = HIITFitApp.swift; sourceTree = "<group>"; };
		9BE996012A659A1A00A8DCA2 /* ContentView.swift */ = {isa = PBXFileReference; lastKnownFileType = sourcecode.swift; path = ContentView.swift; sourceTree = "<group>"; };
		9BE996032A659A1A00A8DCA2 /* Assets.xcassets */ = {isa = PBXFileReference; lastKnownFileType = folder.assetcatalog; path = Assets.xcassets; sourceTree = "<group>"; };
		9BE996052A659A1A00A8DCA2 /* HIITFit.entitlements */ = {isa = PBXFileReference; lastKnownFileType = text.plist.entitlements; path = HIITFit.entitlements; sourceTree = "<group>"; };
		9BE996072A659A1A00A8DCA2 /* Preview Assets.xcassets */ = {isa = PBXFileReference; lastKnownFileType = folder.assetcatalog; path = "Preview Assets.xcassets"; sourceTree = "<group>"; };
		9BE9960E2A659EAD00A8DCA2 /* WelcomeView.swift */ = {isa = PBXFileReference; lastKnownFileType = sourcecode.swift; path = WelcomeView.swift; sourceTree = "<group>"; };
		9BE996102A659EC200A8DCA2 /* ExerciseView.swift */ = {isa = PBXFileReference; lastKnownFileType = sourcecode.swift; path = ExerciseView.swift; sourceTree = "<group>"; };
		9BF4A97B2A710E7B00ADAEFA /* HistoryView.swift */ = {isa = PBXFileReference; lastKnownFileType = sourcecode.swift; path = HistoryView.swift; sourceTree = "<group>"; };
		9BF4A97D2A7110AA00ADAEFA /* HistoryStore.swift */ = {isa = PBXFileReference; lastKnownFileType = sourcecode.swift; path = HistoryStore.swift; sourceTree = "<group>"; };
		9BF4A97F2A71186C00ADAEFA /* DateExtention.swift */ = {isa = PBXFileReference; lastKnownFileType = sourcecode.swift; path = DateExtention.swift; sourceTree = "<group>"; };
		9BF4A9812A711E5400ADAEFA /* HistoryStoreDevData.swift */ = {isa = PBXFileReference; lastKnownFileType = sourcecode.swift; path = HistoryStoreDevData.swift; sourceTree = "<group>"; };
		9BF9D4222A824D6400FC3A5A /* TimerView.swift */ = {isa = PBXFileReference; lastKnownFileType = sourcecode.swift; path = TimerView.swift; sourceTree = "<group>"; };
		9BFE49252A66F5500010FA42 /* HeaderView.swift */ = {isa = PBXFileReference; lastKnownFileType = sourcecode.swift; path = HeaderView.swift; sourceTree = "<group>"; };
		9BFE49272A66F78F0010FA42 /* Exercise.swift */ = {isa = PBXFileReference; lastKnownFileType = sourcecode.swift; path = Exercise.swift; sourceTree = "<group>"; };
		9BFE492B2A67013C0010FA42 /* squat.mp4 */ = {isa = PBXFileReference; lastKnownFileType = file; path = squat.mp4; sourceTree = "<group>"; };
		9BFE492D2A6706320010FA42 /* step-up.mp4 */ = {isa = PBXFileReference; lastKnownFileType = file; path = "step-up.mp4"; sourceTree = "<group>"; };
		9BFE492E2A6706320010FA42 /* sun-salute.mp4 */ = {isa = PBXFileReference; lastKnownFileType = file; path = "sun-salute.mp4"; sourceTree = "<group>"; };
		9BFE492F2A6706320010FA42 /* burpee.mp4 */ = {isa = PBXFileReference; lastKnownFileType = file; path = burpee.mp4; sourceTree = "<group>"; };
/* End PBXFileReference section */

/* Begin PBXFrameworksBuildPhase section */
		9BE995F92A659A1A00A8DCA2 /* Frameworks */ = {
			isa = PBXFrameworksBuildPhase;
			buildActionMask = 2147483647;
			files = (
			);
			runOnlyForDeploymentPostprocessing = 0;
		};
/* End PBXFrameworksBuildPhase section */

/* Begin PBXGroup section */
		9B04453F2AA476FD007353B6 /* History */ = {
			isa = PBXGroup;
			children = (
				9BF4A97D2A7110AA00ADAEFA /* HistoryStore.swift */,
			);
			path = History;
			sourceTree = "<group>";
		};
		9BE995F32A659A1A00A8DCA2 = {
			isa = PBXGroup;
			children = (
				9BE995FE2A659A1A00A8DCA2 /* HIITFit */,
				9BE995FD2A659A1A00A8DCA2 /* Products */,
			);
			sourceTree = "<group>";
		};
		9BE995FD2A659A1A00A8DCA2 /* Products */ = {
			isa = PBXGroup;
			children = (
				9BE995FC2A659A1A00A8DCA2 /* HIITFit.app */,
			);
			name = Products;
			sourceTree = "<group>";
		};
		9BE995FE2A659A1A00A8DCA2 /* HIITFit */ = {
			isa = PBXGroup;
			children = (
				9BFE49332A67064D0010FA42 /* Videos */,
				9BE995FF2A659A1A00A8DCA2 /* HIITFitApp.swift */,
				9BFE49292A66F7A60010FA42 /* Model */,
				9BE996132A659EE300A8DCA2 /* Views */,
				9BE996032A659A1A00A8DCA2 /* Assets.xcassets */,
				9BE996052A659A1A00A8DCA2 /* HIITFit.entitlements */,
				9BE996062A659A1A00A8DCA2 /* Preview Content */,
			);
			path = HIITFit;
			sourceTree = "<group>";
		};
		9BE996062A659A1A00A8DCA2 /* Preview Content */ = {
			isa = PBXGroup;
			children = (
				9BE996072A659A1A00A8DCA2 /* Preview Assets.xcassets */,
				9BF4A9812A711E5400ADAEFA /* HistoryStoreDevData.swift */,
			);
			path = "Preview Content";
			sourceTree = "<group>";
		};
		9BE996132A659EE300A8DCA2 /* Views */ = {
			isa = PBXGroup;
			children = (
				9BE996012A659A1A00A8DCA2 /* ContentView.swift */,
				9BE9960E2A659EAD00A8DCA2 /* WelcomeView.swift */,
				9B898CBE2A98C674009B1B3C /* WelcomeImages.swift */,
				9B898CC02A98CAB0009B1B3C /* GradientBackground.swift */,
				9BFE49252A66F5500010FA42 /* HeaderView.swift */,
				9BE996102A659EC200A8DCA2 /* ExerciseView.swift */,
				9B63DB012A704B8000FD81CD /* VideoPlayerView.swift */,
				9B63DAFF2A7048D900FD81CD /* RatingView.swift */,
				9BF4A97B2A710E7B00ADAEFA /* HistoryView.swift */,
				9B7544592A7424C70014DBB0 /* SuccessView.swift */,
				9BF9D4222A824D6400FC3A5A /* TimerView.swift */,
				9B898CBC2A98C390009B1B3C /* ContainerView.swift */,
				9BB68D5C2A97740B00CB0CA7 /* RaisedButton.swift */,
				9B8C3E342A98AC4E006EA72F /* EmbossedButton.swift */,
			);
			path = Views;
			sourceTree = "<group>";
		};
		9BFE49292A66F7A60010FA42 /* Model */ = {
			isa = PBXGroup;
			children = (
				9B04453F2AA476FD007353B6 /* History */,
				9BFE49272A66F78F0010FA42 /* Exercise.swift */,
				9BF4A97F2A71186C00ADAEFA /* DateExtention.swift */,
				9B7544572A7420A30014DBB0 /* ImageExtention.swift */,
			);
			path = Model;
			sourceTree = "<group>";
		};
		9BFE49332A67064D0010FA42 /* Videos */ = {
			isa = PBXGroup;
			children = (
				9BFE492B2A67013C0010FA42 /* squat.mp4 */,
				9BFE492F2A6706320010FA42 /* burpee.mp4 */,
				9BFE492D2A6706320010FA42 /* step-up.mp4 */,
				9BFE492E2A6706320010FA42 /* sun-salute.mp4 */,
			);
			path = Videos;
			sourceTree = "<group>";
		};
/* End PBXGroup section */

/* Begin PBXNativeTarget section */
		9BE995FB2A659A1A00A8DCA2 /* HIITFit */ = {
			isa = PBXNativeTarget;
			buildConfigurationList = 9BE9960B2A659A1A00A8DCA2 /* Build configuration list for PBXNativeTarget "HIITFit" */;
			buildPhases = (
				9BE995F82A659A1A00A8DCA2 /* Sources */,
				9BE995F92A659A1A00A8DCA2 /* Frameworks */,
				9BE995FA2A659A1A00A8DCA2 /* Resources */,
			);
			buildRules = (
			);
			dependencies = (
			);
			name = HIITFit;
			productName = HIITFit;
			productReference = 9BE995FC2A659A1A00A8DCA2 /* HIITFit.app */;
			productType = "com.apple.product-type.application";
		};
/* End PBXNativeTarget section */

/* Begin PBXProject section */
		9BE995F42A659A1A00A8DCA2 /* Project object */ = {
			isa = PBXProject;
			attributes = {
				BuildIndependentTargetsInParallel = 1;
				LastSwiftUpdateCheck = 1420;
				LastUpgradeCheck = 1420;
				TargetAttributes = {
					9BE995FB2A659A1A00A8DCA2 = {
						CreatedOnToolsVersion = 14.2;
					};
				};
			};
			buildConfigurationList = 9BE995F72A659A1A00A8DCA2 /* Build configuration list for PBXProject "HIITFit" */;
			compatibilityVersion = "Xcode 14.0";
			developmentRegion = en;
			hasScannedForEncodings = 0;
			knownRegions = (
				en,
				Base,
			);
			mainGroup = 9BE995F32A659A1A00A8DCA2;
			productRefGroup = 9BE995FD2A659A1A00A8DCA2 /* Products */;
			projectDirPath = "";
			projectRoot = "";
			targets = (
				9BE995FB2A659A1A00A8DCA2 /* HIITFit */,
			);
		};
/* End PBXProject section */

/* Begin PBXResourcesBuildPhase section */
		9BE995FA2A659A1A00A8DCA2 /* Resources */ = {
			isa = PBXResourcesBuildPhase;
			buildActionMask = 2147483647;
			files = (
				9BFE49302A6706320010FA42 /* step-up.mp4 in Resources */,
				9BE996082A659A1A00A8DCA2 /* Preview Assets.xcassets in Resources */,
				9BFE49322A6706320010FA42 /* burpee.mp4 in Resources */,
				9BFE492C2A67013C0010FA42 /* squat.mp4 in Resources */,
				9BFE49312A6706320010FA42 /* sun-salute.mp4 in Resources */,
				9BE996042A659A1A00A8DCA2 /* Assets.xcassets in Resources */,
			);
			runOnlyForDeploymentPostprocessing = 0;
		};
/* End PBXResourcesBuildPhase section */

/* Begin PBXSourcesBuildPhase section */
		9BE995F82A659A1A00A8DCA2 /* Sources */ = {
			isa = PBXSourcesBuildPhase;
			buildActionMask = 2147483647;
			files = (
				9BF9D4232A824D6400FC3A5A /* TimerView.swift in Sources */,
				9BB68D5D2A97740B00CB0CA7 /* RaisedButton.swift in Sources */,
				9B898CBD2A98C390009B1B3C /* ContainerView.swift in Sources */,
				9BF4A9822A711E5400ADAEFA /* HistoryStoreDevData.swift in Sources */,
				9BFE49262A66F5500010FA42 /* HeaderView.swift in Sources */,
				9B898CC12A98CAB0009B1B3C /* GradientBackground.swift in Sources */,
				9BF4A9802A71186C00ADAEFA /* DateExtention.swift in Sources */,
				9B7544582A7420A30014DBB0 /* ImageExtention.swift in Sources */,
				9BE996112A659EC200A8DCA2 /* ExerciseView.swift in Sources */,
				9B898CBF2A98C674009B1B3C /* WelcomeImages.swift in Sources */,
				9BF4A97E2A7110AA00ADAEFA /* HistoryStore.swift in Sources */,
				9B75445A2A7424C70014DBB0 /* SuccessView.swift in Sources */,
				9BE996022A659A1A00A8DCA2 /* ContentView.swift in Sources */,
				9BE9960F2A659EAD00A8DCA2 /* WelcomeView.swift in Sources */,
				9BE996002A659A1A00A8DCA2 /* HIITFitApp.swift in Sources */,
				9BFE49282A66F78F0010FA42 /* Exercise.swift in Sources */,
				9B63DB002A7048D900FD81CD /* RatingView.swift in Sources */,
				9BF4A97C2A710E7B00ADAEFA /* HistoryView.swift in Sources */,
				9B8C3E352A98AC4E006EA72F /* EmbossedButton.swift in Sources */,
				9B63DB022A704B8000FD81CD /* VideoPlayerView.swift in Sources */,
			);
			runOnlyForDeploymentPostprocessing = 0;
		};
/* End PBXSourcesBuildPhase section */

/* Begin XCBuildConfiguration section */
		9BE996092A659A1A00A8DCA2 /* Debug */ = {
			isa = XCBuildConfiguration;
			buildSettings = {
				ALWAYS_SEARCH_USER_PATHS = NO;
				CLANG_ANALYZER_NONNULL = YES;
				CLANG_ANALYZER_NUMBER_OBJECT_CONVERSION = YES_AGGRESSIVE;
				CLANG_CXX_LANGUAGE_STANDARD = "gnu++20";
				CLANG_ENABLE_MODULES = YES;
				CLANG_ENABLE_OBJC_ARC = YES;
				CLANG_ENABLE_OBJC_WEAK = YES;
				CLANG_WARN_BLOCK_CAPTURE_AUTORELEASING = YES;
				CLANG_WARN_BOOL_CONVERSION = YES;
				CLANG_WARN_COMMA = YES;
				CLANG_WARN_CONSTANT_CONVERSION = YES;
				CLANG_WARN_DEPRECATED_OBJC_IMPLEMENTATIONS = YES;
				CLANG_WARN_DIRECT_OBJC_ISA_USAGE = YES_ERROR;
				CLANG_WARN_DOCUMENTATION_COMMENTS = YES;
				CLANG_WARN_EMPTY_BODY = YES;
				CLANG_WARN_ENUM_CONVERSION = YES;
				CLANG_WARN_INFINITE_RECURSION = YES;
				CLANG_WARN_INT_CONVERSION = YES;
				CLANG_WARN_NON_LITERAL_NULL_CONVERSION = YES;
				CLANG_WARN_OBJC_IMPLICIT_RETAIN_SELF = YES;
				CLANG_WARN_OBJC_LITERAL_CONVERSION = YES;
				CLANG_WARN_OBJC_ROOT_CLASS = YES_ERROR;
				CLANG_WARN_QUOTED_INCLUDE_IN_FRAMEWORK_HEADER = YES;
				CLANG_WARN_RANGE_LOOP_ANALYSIS = YES;
				CLANG_WARN_STRICT_PROTOTYPES = YES;
				CLANG_WARN_SUSPICIOUS_MOVE = YES;
				CLANG_WARN_UNGUARDED_AVAILABILITY = YES_AGGRESSIVE;
				CLANG_WARN_UNREACHABLE_CODE = YES;
				CLANG_WARN__DUPLICATE_METHOD_MATCH = YES;
				COPY_PHASE_STRIP = NO;
				DEBUG_INFORMATION_FORMAT = dwarf;
				ENABLE_STRICT_OBJC_MSGSEND = YES;
				ENABLE_TESTABILITY = YES;
				GCC_C_LANGUAGE_STANDARD = gnu11;
				GCC_DYNAMIC_NO_PIC = NO;
				GCC_NO_COMMON_BLOCKS = YES;
				GCC_OPTIMIZATION_LEVEL = 0;
				GCC_PREPROCESSOR_DEFINITIONS = (
					"DEBUG=1",
					"$(inherited)",
				);
				GCC_WARN_64_TO_32_BIT_CONVERSION = YES;
				GCC_WARN_ABOUT_RETURN_TYPE = YES_ERROR;
				GCC_WARN_UNDECLARED_SELECTOR = YES;
				GCC_WARN_UNINITIALIZED_AUTOS = YES_AGGRESSIVE;
				GCC_WARN_UNUSED_FUNCTION = YES;
				GCC_WARN_UNUSED_VARIABLE = YES;
				MTL_ENABLE_DEBUG_INFO = INCLUDE_SOURCE;
				MTL_FAST_MATH = YES;
				ONLY_ACTIVE_ARCH = YES;
				SWIFT_ACTIVE_COMPILATION_CONDITIONS = DEBUG;
				SWIFT_OPTIMIZATION_LEVEL = "-Onone";
			};
			name = Debug;
		};
		9BE9960A2A659A1A00A8DCA2 /* Release */ = {
			isa = XCBuildConfiguration;
			buildSettings = {
				ALWAYS_SEARCH_USER_PATHS = NO;
				CLANG_ANALYZER_NONNULL = YES;
				CLANG_ANALYZER_NUMBER_OBJECT_CONVERSION = YES_AGGRESSIVE;
				CLANG_CXX_LANGUAGE_STANDARD = "gnu++20";
				CLANG_ENABLE_MODULES = YES;
				CLANG_ENABLE_OBJC_ARC = YES;
				CLANG_ENABLE_OBJC_WEAK = YES;
				CLANG_WARN_BLOCK_CAPTURE_AUTORELEASING = YES;
				CLANG_WARN_BOOL_CONVERSION = YES;
				CLANG_WARN_COMMA = YES;
				CLANG_WARN_CONSTANT_CONVERSION = YES;
				CLANG_WARN_DEPRECATED_OBJC_IMPLEMENTATIONS = YES;
				CLANG_WARN_DIRECT_OBJC_ISA_USAGE = YES_ERROR;
				CLANG_WARN_DOCUMENTATION_COMMENTS = YES;
				CLANG_WARN_EMPTY_BODY = YES;
				CLANG_WARN_ENUM_CONVERSION = YES;
				CLANG_WARN_INFINITE_RECURSION = YES;
				CLANG_WARN_INT_CONVERSION = YES;
				CLANG_WARN_NON_LITERAL_NULL_CONVERSION = YES;
				CLANG_WARN_OBJC_IMPLICIT_RETAIN_SELF = YES;
				CLANG_WARN_OBJC_LITERAL_CONVERSION = YES;
				CLANG_WARN_OBJC_ROOT_CLASS = YES_ERROR;
				CLANG_WARN_QUOTED_INCLUDE_IN_FRAMEWORK_HEADER = YES;
				CLANG_WARN_RANGE_LOOP_ANALYSIS = YES;
				CLANG_WARN_STRICT_PROTOTYPES = YES;
				CLANG_WARN_SUSPICIOUS_MOVE = YES;
				CLANG_WARN_UNGUARDED_AVAILABILITY = YES_AGGRESSIVE;
				CLANG_WARN_UNREACHABLE_CODE = YES;
				CLANG_WARN__DUPLICATE_METHOD_MATCH = YES;
				COPY_PHASE_STRIP = NO;
				DEBUG_INFORMATION_FORMAT = "dwarf-with-dsym";
				ENABLE_NS_ASSERTIONS = NO;
				ENABLE_STRICT_OBJC_MSGSEND = YES;
				GCC_C_LANGUAGE_STANDARD = gnu11;
				GCC_NO_COMMON_BLOCKS = YES;
				GCC_WARN_64_TO_32_BIT_CONVERSION = YES;
				GCC_WARN_ABOUT_RETURN_TYPE = YES_ERROR;
				GCC_WARN_UNDECLARED_SELECTOR = YES;
				GCC_WARN_UNINITIALIZED_AUTOS = YES_AGGRESSIVE;
				GCC_WARN_UNUSED_FUNCTION = YES;
				GCC_WARN_UNUSED_VARIABLE = YES;
				MTL_ENABLE_DEBUG_INFO = NO;
				MTL_FAST_MATH = YES;
				SWIFT_COMPILATION_MODE = wholemodule;
				SWIFT_OPTIMIZATION_LEVEL = "-O";
			};
			name = Release;
		};
		9BE9960C2A659A1A00A8DCA2 /* Debug */ = {
			isa = XCBuildConfiguration;
			buildSettings = {
				ASSETCATALOG_COMPILER_APPICON_NAME = AppIcon;
				ASSETCATALOG_COMPILER_GLOBAL_ACCENT_COLOR_NAME = AccentColor;
				CODE_SIGN_ENTITLEMENTS = HIITFit/HIITFit.entitlements;
				CODE_SIGN_STYLE = Automatic;
				CURRENT_PROJECT_VERSION = 1;
				DEVELOPMENT_ASSET_PATHS = "\"HIITFit/Preview Content\"";
				DEVELOPMENT_TEAM = M68A594A7Q;
				ENABLE_HARDENED_RUNTIME = YES;
				ENABLE_PREVIEWS = YES;
				GENERATE_INFOPLIST_FILE = YES;
				"INFOPLIST_KEY_UIApplicationSceneManifest_Generation[sdk=iphoneos*]" = YES;
				"INFOPLIST_KEY_UIApplicationSceneManifest_Generation[sdk=iphonesimulator*]" = YES;
				"INFOPLIST_KEY_UIApplicationSupportsIndirectInputEvents[sdk=iphoneos*]" = YES;
				"INFOPLIST_KEY_UIApplicationSupportsIndirectInputEvents[sdk=iphonesimulator*]" = YES;
				"INFOPLIST_KEY_UILaunchScreen_Generation[sdk=iphoneos*]" = YES;
				"INFOPLIST_KEY_UILaunchScreen_Generation[sdk=iphonesimulator*]" = YES;
				"INFOPLIST_KEY_UIStatusBarStyle[sdk=iphoneos*]" = UIStatusBarStyleDefault;
				"INFOPLIST_KEY_UIStatusBarStyle[sdk=iphonesimulator*]" = UIStatusBarStyleDefault;
				INFOPLIST_KEY_UISupportedInterfaceOrientations_iPad = "UIInterfaceOrientationPortrait UIInterfaceOrientationPortraitUpsideDown UIInterfaceOrientationLandscapeLeft UIInterfaceOrientationLandscapeRight";
				INFOPLIST_KEY_UISupportedInterfaceOrientations_iPhone = "UIInterfaceOrientationPortrait UIInterfaceOrientationLandscapeLeft UIInterfaceOrientationLandscapeRight";
				IPHONEOS_DEPLOYMENT_TARGET = 16.2;
				LD_RUNPATH_SEARCH_PATHS = "@executable_path/Frameworks";
				"LD_RUNPATH_SEARCH_PATHS[sdk=macosx*]" = "@executable_path/../Frameworks";
				MACOSX_DEPLOYMENT_TARGET = 12.6;
				MARKETING_VERSION = 1.0;
				PRODUCT_BUNDLE_IDENTIFIER = com.HIITFit;
				PRODUCT_NAME = "$(TARGET_NAME)";
				SDKROOT = auto;
				SUPPORTED_PLATFORMS = "iphoneos iphonesimulator macosx";
				SWIFT_EMIT_LOC_STRINGS = YES;
				SWIFT_VERSION = 5.0;
				TARGETED_DEVICE_FAMILY = "1,2";
			};
			name = Debug;
		};
		9BE9960D2A659A1A00A8DCA2 /* Release */ = {
			isa = XCBuildConfiguration;
			buildSettings = {
				ASSETCATALOG_COMPILER_APPICON_NAME = AppIcon;
				ASSETCATALOG_COMPILER_GLOBAL_ACCENT_COLOR_NAME = AccentColor;
				CODE_SIGN_ENTITLEMENTS = HIITFit/HIITFit.entitlements;
				CODE_SIGN_STYLE = Automatic;
				CURRENT_PROJECT_VERSION = 1;
				DEVELOPMENT_ASSET_PATHS = "\"HIITFit/Preview Content\"";
				DEVELOPMENT_TEAM = M68A594A7Q;
				ENABLE_HARDENED_RUNTIME = YES;
				ENABLE_PREVIEWS = YES;
				GENERATE_INFOPLIST_FILE = YES;
				"INFOPLIST_KEY_UIApplicationSceneManifest_Generation[sdk=iphoneos*]" = YES;
				"INFOPLIST_KEY_UIApplicationSceneManifest_Generation[sdk=iphonesimulator*]" = YES;
				"INFOPLIST_KEY_UIApplicationSupportsIndirectInputEvents[sdk=iphoneos*]" = YES;
				"INFOPLIST_KEY_UIApplicationSupportsIndirectInputEvents[sdk=iphonesimulator*]" = YES;
				"INFOPLIST_KEY_UILaunchScreen_Generation[sdk=iphoneos*]" = YES;
				"INFOPLIST_KEY_UILaunchScreen_Generation[sdk=iphonesimulator*]" = YES;
				"INFOPLIST_KEY_UIStatusBarStyle[sdk=iphoneos*]" = UIStatusBarStyleDefault;
				"INFOPLIST_KEY_UIStatusBarStyle[sdk=iphonesimulator*]" = UIStatusBarStyleDefault;
				INFOPLIST_KEY_UISupportedInterfaceOrientations_iPad = "UIInterfaceOrientationPortrait UIInterfaceOrientationPortraitUpsideDown UIInterfaceOrientationLandscapeLeft UIInterfaceOrientationLandscapeRight";
				INFOPLIST_KEY_UISupportedInterfaceOrientations_iPhone = "UIInterfaceOrientationPortrait UIInterfaceOrientationLandscapeLeft UIInterfaceOrientationLandscapeRight";
				IPHONEOS_DEPLOYMENT_TARGET = 16.2;
				LD_RUNPATH_SEARCH_PATHS = "@executable_path/Frameworks";
				"LD_RUNPATH_SEARCH_PATHS[sdk=macosx*]" = "@executable_path/../Frameworks";
				MACOSX_DEPLOYMENT_TARGET = 12.6;
				MARKETING_VERSION = 1.0;
				PRODUCT_BUNDLE_IDENTIFIER = com.HIITFit;
				PRODUCT_NAME = "$(TARGET_NAME)";
				SDKROOT = auto;
				SUPPORTED_PLATFORMS = "iphoneos iphonesimulator macosx";
				SWIFT_EMIT_LOC_STRINGS = YES;
				SWIFT_VERSION = 5.0;
				TARGETED_DEVICE_FAMILY = "1,2";
			};
			name = Release;
		};
/* End XCBuildConfiguration section */

/* Begin XCConfigurationList section */
		9BE995F72A659A1A00A8DCA2 /* Build configuration list for PBXProject "HIITFit" */ = {
			isa = XCConfigurationList;
			buildConfigurations = (
				9BE996092A659A1A00A8DCA2 /* Debug */,
				9BE9960A2A659A1A00A8DCA2 /* Release */,
			);
			defaultConfigurationIsVisible = 0;
			defaultConfigurationName = Release;
		};
		9BE9960B2A659A1A00A8DCA2 /* Build configuration list for PBXNativeTarget "HIITFit" */ = {
			isa = XCConfigurationList;
			buildConfigurations = (
				9BE9960C2A659A1A00A8DCA2 /* Debug */,
				9BE9960D2A659A1A00A8DCA2 /* Release */,
			);
			defaultConfigurationIsVisible = 0;
			defaultConfigurationName = Release;
		};
/* End XCConfigurationList section */
	};
	rootObject = 9BE995F42A659A1A00A8DCA2 /* Project object */;
}
